
Microsoft Visual Studio Solution File, Format Version 12.00
# Visual Studio Version 17
VisualStudioVersion = 17.13.35919.96
MinimumVisualStudioVersion = 10.0.40219.1
Project("{FAE04EC0-301F-11D3-BF4B-00C04F79EFBC}") = "CommonImageActions.Test", "CommonImageActions\CommonImageActions.Test.csproj", "{88296500-D2CB-4CED-B982-A9A76D85345F}"
EndProject
Project("{FAE04EC0-301F-11D3-BF4B-00C04F79EFBC}") = "CommonImageActions.Core", "CommonImageActions.Core\CommonImageActions.Core.csproj", "{3E08E2F3-00A4-461E-B7A7-C881D62E9950}"
EndProject
Project("{FAE04EC0-301F-11D3-BF4B-00C04F79EFBC}") = "CommonImageActions.AspNetCore", "CommonImageActions.AspNetCore\CommonImageActions.AspNetCore.csproj", "{8654F81E-2B10-4FAD-AB86-63855D3289B1}"
EndProject
Project("{FAE04EC0-301F-11D3-BF4B-00C04F79EFBC}") = "CommonImageActions.Pdf", "CommonImageActions.Pdf\CommonImageActions.Pdf.csproj", "{DD5FA8F7-7384-440C-B599-B5BC39CB42F3}"
EndProject
Global
	GlobalSection(SolutionConfigurationPlatforms) = preSolution
		Debug|Any CPU = Debug|Any CPU
		Release|Any CPU = Release|Any CPU
	EndGlobalSection
	GlobalSection(ProjectConfigurationPlatforms) = postSolution
		{88296500-D2CB-4CED-B982-A9A76D85345F}.Debug|Any CPU.ActiveCfg = Debug|Any CPU
		{88296500-D2CB-4CED-B982-A9A76D85345F}.Debug|Any CPU.Build.0 = Debug|Any CPU
		{88296500-D2CB-4CED-B982-A9A76D85345F}.Release|Any CPU.ActiveCfg = Release|Any CPU
		{88296500-D2CB-4CED-B982-A9A76D85345F}.Release|Any CPU.Build.0 = Release|Any CPU
		{3E08E2F3-00A4-461E-B7A7-C881D62E9950}.Debug|Any CPU.ActiveCfg = Debug|Any CPU
		{3E08E2F3-00A4-461E-B7A7-C881D62E9950}.Debug|Any CPU.Build.0 = Debug|Any CPU
		{3E08E2F3-00A4-461E-B7A7-C881D62E9950}.Release|Any CPU.ActiveCfg = Release|Any CPU
		{3E08E2F3-00A4-461E-B7A7-C881D62E9950}.Release|Any CPU.Build.0 = Release|Any CPU
		{8654F81E-2B10-4FAD-AB86-63855D3289B1}.Debug|Any CPU.ActiveCfg = Debug|Any CPU
		{8654F81E-2B10-4FAD-AB86-63855D3289B1}.Debug|Any CPU.Build.0 = Debug|Any CPU
		{8654F81E-2B10-4FAD-AB86-63855D3289B1}.Release|Any CPU.ActiveCfg = Release|Any CPU
		{8654F81E-2B10-4FAD-AB86-63855D3289B1}.Release|Any CPU.Build.0 = Release|Any CPU
		{DD5FA8F7-7384-440C-B599-B5BC39CB42F3}.Debug|Any CPU.ActiveCfg = Debug|Any CPU
		{DD5FA8F7-7384-440C-B599-B5BC39CB42F3}.Debug|Any CPU.Build.0 = Debug|Any CPU
		{DD5FA8F7-7384-440C-B599-B5BC39CB42F3}.Release|Any CPU.ActiveCfg = Release|Any CPU
		{DD5FA8F7-7384-440C-B599-B5BC39CB42F3}.Release|Any CPU.Build.0 = Release|Any CPU
	EndGlobalSection
	GlobalSection(SolutionProperties) = preSolution
		HideSolutionNode = FALSE
	EndGlobalSection
	GlobalSection(ExtensibilityGlobals) = postSolution
		SolutionGuid = {B380BA7D-28B5-4064-A30F-B0DDAE51012E}
	EndGlobalSection
EndGlobal
