
Microsoft Visual Studio Solution File, Format Version 12.00
# Visual Studio Version 17
VisualStudioVersion = 17.13.35919.96
MinimumVisualStudioVersion = 10.0.40219.1
Project("{FAE04EC0-301F-11D3-BF4B-00C04F79EFBC}") = "CommonImageActions.Core", "CommonImageActions.Core\CommonImageActions.Core.csproj", "{3E08E2F3-00A4-461E-B7A7-C881D62E9950}"
EndProject
Project("{FAE04EC0-301F-11D3-BF4B-00C04F79EFBC}") = "CommonImageActions.AspNetCore", "CommonImageActions.AspNetCore\CommonImageActions.AspNetCore.csproj", "{8654F81E-2B10-4FAD-AB86-63855D3289B1}"
EndProject
Project("{FAE04EC0-301F-11D3-BF4B-00C04F79EFBC}") = "CommonImageActions.Pdf", "CommonImageActions.Pdf\CommonImageActions.Pdf.csproj", "{DD5FA8F7-7384-440C-B599-B5BC39CB42F3}"
EndProject
Project("{FAE04EC0-301F-11D3-BF4B-00C04F79EFBC}") = "CommonImageActions.Core.Tests", "CommonImageActions.Core.Tests\CommonImageActions.Core.Tests.csproj", "{F58894B0-F981-4DE5-B78F-4A685044502D}"
EndProject
Project("{FAE04EC0-301F-11D3-BF4B-00C04F79EFBC}") = "CommonImageActions.Pdf.Tests", "CommonImageActions.Pdf.Tests\CommonImageActions.Pdf.Tests.csproj", "{0642F5AA-C6C2-4500-B3D3-2DEDA9991EE6}"
EndProject
Project("{FAE04EC0-301F-11D3-BF4B-00C04F79EFBC}") = "CommonImageActions.SampleAspNetProject", "CommonImageActions.SampleAspnetCoreProject\CommonImageActions.SampleAspNetProject.csproj", "{6F3BE2DB-F0F1-6220-0B07-4C1247ECFD82}"
EndProject
Project("{2150E333-8FDC-42A3-9474-1A3956D46DE8}") = "Tests", "Tests", "{02EA681E-C7D8-13C7-8484-4AC65E1B71E8}"
EndProject
Project("{2150E333-8FDC-42A3-9474-1A3956D46DE8}") = "Sample Projects", "Sample Projects", "{93BBC339-A410-4168-9595-6875A2527DB8}"
EndProject
Project("{FAE04EC0-301F-11D3-BF4B-00C04F79EFBC}") = "CommonImageActions.AspNetCore.Tests", "CommonImageActions.AspNetCore.Tests\CommonImageActions.AspNetCore.Tests.csproj", "{F59F1BB5-FD0C-486B-838A-14E59120B33F}"
EndProject
Global
	GlobalSection(SolutionConfigurationPlatforms) = preSolution
		Debug|Any CPU = Debug|Any CPU
		Release|Any CPU = Release|Any CPU
	EndGlobalSection
	GlobalSection(ProjectConfigurationPlatforms) = postSolution
		{3E08E2F3-00A4-461E-B7A7-C881D62E9950}.Debug|Any CPU.ActiveCfg = Debug|Any CPU
		{3E08E2F3-00A4-461E-B7A7-C881D62E9950}.Debug|Any CPU.Build.0 = Debug|Any CPU
		{3E08E2F3-00A4-461E-B7A7-C881D62E9950}.Release|Any CPU.ActiveCfg = Release|Any CPU
		{3E08E2F3-00A4-461E-B7A7-C881D62E9950}.Release|Any CPU.Build.0 = Release|Any CPU
		{8654F81E-2B10-4FAD-AB86-63855D3289B1}.Debug|Any CPU.ActiveCfg = Debug|Any CPU
		{8654F81E-2B10-4FAD-AB86-63855D3289B1}.Debug|Any CPU.Build.0 = Debug|Any CPU
		{8654F81E-2B10-4FAD-AB86-63855D3289B1}.Release|Any CPU.ActiveCfg = Release|Any CPU
		{8654F81E-2B10-4FAD-AB86-63855D3289B1}.Release|Any CPU.Build.0 = Release|Any CPU
		{DD5FA8F7-7384-440C-B599-B5BC39CB42F3}.Debug|Any CPU.ActiveCfg = Debug|Any CPU
		{DD5FA8F7-7384-440C-B599-B5BC39CB42F3}.Debug|Any CPU.Build.0 = Debug|Any CPU
		{DD5FA8F7-7384-440C-B599-B5BC39CB42F3}.Release|Any CPU.ActiveCfg = Release|Any CPU
		{DD5FA8F7-7384-440C-B599-B5BC39CB42F3}.Release|Any CPU.Build.0 = Release|Any CPU
		{F58894B0-F981-4DE5-B78F-4A685044502D}.Debug|Any CPU.ActiveCfg = Debug|Any CPU
		{F58894B0-F981-4DE5-B78F-4A685044502D}.Debug|Any CPU.Build.0 = Debug|Any CPU
		{F58894B0-F981-4DE5-B78F-4A685044502D}.Release|Any CPU.ActiveCfg = Release|Any CPU
		{F58894B0-F981-4DE5-B78F-4A685044502D}.Release|Any CPU.Build.0 = Release|Any CPU
		{0642F5AA-C6C2-4500-B3D3-2DEDA9991EE6}.Debug|Any CPU.ActiveCfg = Debug|Any CPU
		{0642F5AA-C6C2-4500-B3D3-2DEDA9991EE6}.Debug|Any CPU.Build.0 = Debug|Any CPU
		{0642F5AA-C6C2-4500-B3D3-2DEDA9991EE6}.Release|Any CPU.ActiveCfg = Release|Any CPU
		{0642F5AA-C6C2-4500-B3D3-2DEDA9991EE6}.Release|Any CPU.Build.0 = Release|Any CPU
		{6F3BE2DB-F0F1-6220-0B07-4C1247ECFD82}.Debug|Any CPU.ActiveCfg = Debug|Any CPU
		{6F3BE2DB-F0F1-6220-0B07-4C1247ECFD82}.Debug|Any CPU.Build.0 = Debug|Any CPU
		{6F3BE2DB-F0F1-6220-0B07-4C1247ECFD82}.Release|Any CPU.ActiveCfg = Release|Any CPU
		{6F3BE2DB-F0F1-6220-0B07-4C1247ECFD82}.Release|Any CPU.Build.0 = Release|Any CPU
		{F59F1BB5-FD0C-486B-838A-14E59120B33F}.Debug|Any CPU.ActiveCfg = Debug|Any CPU
		{F59F1BB5-FD0C-486B-838A-14E59120B33F}.Debug|Any CPU.Build.0 = Debug|Any CPU
		{F59F1BB5-FD0C-486B-838A-14E59120B33F}.Release|Any CPU.ActiveCfg = Release|Any CPU
		{F59F1BB5-FD0C-486B-838A-14E59120B33F}.Release|Any CPU.Build.0 = Release|Any CPU
	EndGlobalSection
	GlobalSection(SolutionProperties) = preSolution
		HideSolutionNode = FALSE
	EndGlobalSection
	GlobalSection(NestedProjects) = preSolution
		{F58894B0-F981-4DE5-B78F-4A685044502D} = {02EA681E-C7D8-13C7-8484-4AC65E1B71E8}
		{0642F5AA-C6C2-4500-B3D3-2DEDA9991EE6} = {02EA681E-C7D8-13C7-8484-4AC65E1B71E8}
		{6F3BE2DB-F0F1-6220-0B07-4C1247ECFD82} = {93BBC339-A410-4168-9595-6875A2527DB8}
		{F59F1BB5-FD0C-486B-838A-14E59120B33F} = {02EA681E-C7D8-13C7-8484-4AC65E1B71E8}
	EndGlobalSection
	GlobalSection(ExtensibilityGlobals) = postSolution
		SolutionGuid = {B380BA7D-28B5-4064-A30F-B0DDAE51012E}
	EndGlobalSection
EndGlobal
